
Microsoft Visual Studio Solution File, Format Version 12.00
# Visual Studio 2012
Project("{FAE04EC0-301F-11D3-BF4B-00C04F79EFBC}") = "Client", "client\Client.csproj", "{F6D8FC2E-62D0-4554-AC3E-1964042590E3}"
EndProject
Project("{FAE04EC0-301F-11D3-BF4B-00C04F79EFBC}") = "Service", "service\Service.csproj", "{73D6E51B-9EAB-4EBE-BAA3-794D636BD176}"
EndProject
Project("{FAE04EC0-301F-11D3-BF4B-00C04F79EFBC}") = "Contract", "Contract\Contract.csproj", "{105E2C98-E403-4E49-ABAC-EE9C94591E62}"
EndProject
Project("{2150E333-8FDC-42A3-9474-1A3956D46DE8}") = ".nuget", ".nuget", "{85C03D0A-4881-4137-AE41-2E85140EE1B1}"
	ProjectSection(SolutionItems) = preProject
		.nuget\packages.config = .nuget\packages.config
	EndProjectSection
EndProject
Global

	GlobalSection(SolutionConfigurationPlatforms) = preSolution
		Debug|Any CPU = Debug|Any CPU
		Release|Any CPU = Release|Any CPU
	EndGlobalSection
	GlobalSection(ProjectConfigurationPlatforms) = postSolution
		{F6D8FC2E-62D0-4554-AC3E-1964042590E3}.Debug|Any CPU.ActiveCfg = Debug|Any CPU
		{F6D8FC2E-62D0-4554-AC3E-1964042590E3}.Debug|Any CPU.Build.0 = Debug|Any CPU
		{F6D8FC2E-62D0-4554-AC3E-1964042590E3}.Release|Any CPU.ActiveCfg = Release|Any CPU
		{F6D8FC2E-62D0-4554-AC3E-1964042590E3}.Release|Any CPU.Build.0 = Release|Any CPU
		{73D6E51B-9EAB-4EBE-BAA3-794D636BD176}.Debug|Any CPU.ActiveCfg = Debug|Any CPU
		{73D6E51B-9EAB-4EBE-BAA3-794D636BD176}.Debug|Any CPU.Build.0 = Debug|Any CPU
		{73D6E51B-9EAB-4EBE-BAA3-794D636BD176}.Release|Any CPU.ActiveCfg = Release|Any CPU
		{73D6E51B-9EAB-4EBE-BAA3-794D636BD176}.Release|Any CPU.Build.0 = Release|Any CPU
		{105E2C98-E403-4E49-ABAC-EE9C94591E62}.Debug|Any CPU.ActiveCfg = Debug|Any CPU
		{105E2C98-E403-4E49-ABAC-EE9C94591E62}.Debug|Any CPU.Build.0 = Debug|Any CPU
		{105E2C98-E403-4E49-ABAC-EE9C94591E62}.Release|Any CPU.ActiveCfg = Release|Any CPU
		{105E2C98-E403-4E49-ABAC-EE9C94591E62}.Release|Any CPU.Build.0 = Release|Any CPU
	EndGlobalSection
	GlobalSection(SolutionProperties) = preSolution
		HideSolutionNode = FALSE
	EndGlobalSection
EndGlobal

