
Microsoft Visual Studio Solution File, Format Version 12.00
# Visual Studio 15
VisualStudioVersion = 15.0.27428.2005
MinimumVisualStudioVersion = 10.0.40219.1
Project("{FAE04EC0-301F-11D3-BF4B-00C04F79EFBC}") = "BlueYonder.Companion.Client", "BlueYonder.Companion.Client\BlueYonder.Companion.Client.csproj", "{50B0BE7A-3555-4A02-AEDE-9C684CBD287B}"
EndProject
Project("{FAE04EC0-301F-11D3-BF4B-00C04F79EFBC}") = "BlueYonder.Companion.Tasks", "BlueYonder.Companion.Tasks\BlueYonder.Companion.Tasks.csproj", "{4B60CADA-203E-41DF-8371-63D81A22D250}"
EndProject
Project("{FAE04EC0-301F-11D3-BF4B-00C04F79EFBC}") = "BlueYonder.Companion.Shared", "BlueYonder.Companion.Shared\BlueYonder.Companion.Shared.csproj", "{151DE52F-B882-4172-867C-93BC220835C7}"
EndProject
Global
	GlobalSection(SolutionConfigurationPlatforms) = preSolution
		Debug|Any CPU = Debug|Any CPU
		Debug|ARM = Debug|ARM
		Debug|x64 = Debug|x64
		Debug|x86 = Debug|x86
		Release|Any CPU = Release|Any CPU
		Release|ARM = Release|ARM
		Release|x64 = Release|x64
		Release|x86 = Release|x86
	EndGlobalSection
	GlobalSection(ProjectConfigurationPlatforms) = postSolution
		{50B0BE7A-3555-4A02-AEDE-9C684CBD287B}.Debug|Any CPU.ActiveCfg = Debug|x86
		{50B0BE7A-3555-4A02-AEDE-9C684CBD287B}.Debug|Any CPU.Build.0 = Debug|x86
		{50B0BE7A-3555-4A02-AEDE-9C684CBD287B}.Debug|Any CPU.Deploy.0 = Debug|x86
		{50B0BE7A-3555-4A02-AEDE-9C684CBD287B}.Debug|ARM.ActiveCfg = Debug|ARM
		{50B0BE7A-3555-4A02-AEDE-9C684CBD287B}.Debug|ARM.Build.0 = Debug|ARM
		{50B0BE7A-3555-4A02-AEDE-9C684CBD287B}.Debug|ARM.Deploy.0 = Debug|ARM
		{50B0BE7A-3555-4A02-AEDE-9C684CBD287B}.Debug|x64.ActiveCfg = Debug|x64
		{50B0BE7A-3555-4A02-AEDE-9C684CBD287B}.Debug|x64.Build.0 = Debug|x64
		{50B0BE7A-3555-4A02-AEDE-9C684CBD287B}.Debug|x64.Deploy.0 = Debug|x64
		{50B0BE7A-3555-4A02-AEDE-9C684CBD287B}.Debug|x86.ActiveCfg = Debug|x86
		{50B0BE7A-3555-4A02-AEDE-9C684CBD287B}.Debug|x86.Build.0 = Debug|x86
		{50B0BE7A-3555-4A02-AEDE-9C684CBD287B}.Debug|x86.Deploy.0 = Debug|x86
		{50B0BE7A-3555-4A02-AEDE-9C684CBD287B}.Release|Any CPU.ActiveCfg = Release|x86
		{50B0BE7A-3555-4A02-AEDE-9C684CBD287B}.Release|ARM.ActiveCfg = Release|ARM
		{50B0BE7A-3555-4A02-AEDE-9C684CBD287B}.Release|ARM.Build.0 = Release|ARM
		{50B0BE7A-3555-4A02-AEDE-9C684CBD287B}.Release|ARM.Deploy.0 = Release|ARM
		{50B0BE7A-3555-4A02-AEDE-9C684CBD287B}.Release|x64.ActiveCfg = Release|x64
		{50B0BE7A-3555-4A02-AEDE-9C684CBD287B}.Release|x64.Build.0 = Release|x64
		{50B0BE7A-3555-4A02-AEDE-9C684CBD287B}.Release|x64.Deploy.0 = Release|x64
		{50B0BE7A-3555-4A02-AEDE-9C684CBD287B}.Release|x86.ActiveCfg = Release|x86
		{50B0BE7A-3555-4A02-AEDE-9C684CBD287B}.Release|x86.Build.0 = Release|x86
		{50B0BE7A-3555-4A02-AEDE-9C684CBD287B}.Release|x86.Deploy.0 = Release|x86
		{4B60CADA-203E-41DF-8371-63D81A22D250}.Debug|Any CPU.ActiveCfg = Debug|Any CPU
		{4B60CADA-203E-41DF-8371-63D81A22D250}.Debug|Any CPU.Build.0 = Debug|Any CPU
		{4B60CADA-203E-41DF-8371-63D81A22D250}.Debug|ARM.ActiveCfg = Debug|ARM
		{4B60CADA-203E-41DF-8371-63D81A22D250}.Debug|ARM.Build.0 = Debug|ARM
		{4B60CADA-203E-41DF-8371-63D81A22D250}.Debug|x64.ActiveCfg = Debug|x64
		{4B60CADA-203E-41DF-8371-63D81A22D250}.Debug|x64.Build.0 = Debug|x64
		{4B60CADA-203E-41DF-8371-63D81A22D250}.Debug|x86.ActiveCfg = Debug|x86
		{4B60CADA-203E-41DF-8371-63D81A22D250}.Debug|x86.Build.0 = Debug|x86
		{4B60CADA-203E-41DF-8371-63D81A22D250}.Release|Any CPU.ActiveCfg = Release|Any CPU
		{4B60CADA-203E-41DF-8371-63D81A22D250}.Release|Any CPU.Build.0 = Release|Any CPU
		{4B60CADA-203E-41DF-8371-63D81A22D250}.Release|ARM.ActiveCfg = Release|ARM
		{4B60CADA-203E-41DF-8371-63D81A22D250}.Release|ARM.Build.0 = Release|ARM
		{4B60CADA-203E-41DF-8371-63D81A22D250}.Release|x64.ActiveCfg = Release|x64
		{4B60CADA-203E-41DF-8371-63D81A22D250}.Release|x64.Build.0 = Release|x64
		{4B60CADA-203E-41DF-8371-63D81A22D250}.Release|x86.ActiveCfg = Release|x86
		{4B60CADA-203E-41DF-8371-63D81A22D250}.Release|x86.Build.0 = Release|x86
		{151DE52F-B882-4172-867C-93BC220835C7}.Debug|Any CPU.ActiveCfg = Debug|Any CPU
		{151DE52F-B882-4172-867C-93BC220835C7}.Debug|Any CPU.Build.0 = Debug|Any CPU
		{151DE52F-B882-4172-867C-93BC220835C7}.Debug|ARM.ActiveCfg = Debug|ARM
		{151DE52F-B882-4172-867C-93BC220835C7}.Debug|ARM.Build.0 = Debug|ARM
		{151DE52F-B882-4172-867C-93BC220835C7}.Debug|x64.ActiveCfg = Debug|x64
		{151DE52F-B882-4172-867C-93BC220835C7}.Debug|x64.Build.0 = Debug|x64
		{151DE52F-B882-4172-867C-93BC220835C7}.Debug|x86.ActiveCfg = Debug|x86
		{151DE52F-B882-4172-867C-93BC220835C7}.Debug|x86.Build.0 = Debug|x86
		{151DE52F-B882-4172-867C-93BC220835C7}.Release|Any CPU.ActiveCfg = Release|Any CPU
		{151DE52F-B882-4172-867C-93BC220835C7}.Release|Any CPU.Build.0 = Release|Any CPU
		{151DE52F-B882-4172-867C-93BC220835C7}.Release|ARM.ActiveCfg = Release|ARM
		{151DE52F-B882-4172-867C-93BC220835C7}.Release|ARM.Build.0 = Release|ARM
		{151DE52F-B882-4172-867C-93BC220835C7}.Release|x64.ActiveCfg = Release|x64
		{151DE52F-B882-4172-867C-93BC220835C7}.Release|x64.Build.0 = Release|x64
		{151DE52F-B882-4172-867C-93BC220835C7}.Release|x86.ActiveCfg = Release|x86
		{151DE52F-B882-4172-867C-93BC220835C7}.Release|x86.Build.0 = Release|x86
	EndGlobalSection
	GlobalSection(SolutionProperties) = preSolution
		HideSolutionNode = FALSE
	EndGlobalSection
	GlobalSection(ExtensibilityGlobals) = postSolution
		SolutionGuid = {432D22C0-C233-4985-94FC-35047DFCC932}
	EndGlobalSection
EndGlobal
