
Microsoft Visual Studio Solution File, Format Version 12.00
# Visual Studio 15
VisualStudioVersion = 15.0.27004.2005
MinimumVisualStudioVersion = 10.0.40219.1
Project("{FAE04EC0-301F-11D3-BF4B-00C04F79EFBC}") = "BlueYonder.Companion.Entities", "BlueYonder.Companion.Entities\BlueYonder.Companion.Entities.csproj", "{0002DFA4-DAAA-4B78-A720-BC709CBD0B2F}"
EndProject
Project("{FAE04EC0-301F-11D3-BF4B-00C04F79EFBC}") = "BlueYonder.DataAccess.Interfaces", "BlueYonder.DataAccess.Interfaces\BlueYonder.DataAccess.Interfaces.csproj", "{7E7EF562-AC6D-4F58-9B79-A93B21CF832C}"
EndProject
Project("{FAE04EC0-301F-11D3-BF4B-00C04F79EFBC}") = "BlueYonder.DataAccess", "BlueYonder.DataAccess\BlueYonder.DataAccess.csproj", "{93CC0797-9C83-4229-BFAA-3C6E5190CE36}"
EndProject
Project("{FAE04EC0-301F-11D3-BF4B-00C04F79EFBC}") = "BlueYonder.Entities", "BlueYonder.Entities\BlueYonder.Entities.csproj", "{3A90F72F-08C4-4A4A-ABB1-377E3B34314C}"
EndProject
Project("{FAE04EC0-301F-11D3-BF4B-00C04F79EFBC}") = "BlueYonder.Companion.Controllers", "BlueYonder.Companion.Controllers\BlueYonder.Companion.Controllers.csproj", "{062691E0-9C27-4119-BAE1-13844C50A96B}"
EndProject
Project("{FAE04EC0-301F-11D3-BF4B-00C04F79EFBC}") = "BlueYonder.Companion.Host", "BlueYonder.Companion.Host\BlueYonder.Companion.Host.csproj", "{A848FFE1-D425-4D92-9077-3A9E548DBA64}"
EndProject
Project("{FAE04EC0-301F-11D3-BF4B-00C04F79EFBC}") = "BlueYonder.Companion.Entities.Mappers", "BlueYonder.Companion.Entities.Mappers\BlueYonder.Companion.Entities.Mappers.csproj", "{F583E8B5-47FE-4495-931D-F73F78C1207D}"
EndProject
Project("{2150E333-8FDC-42A3-9474-1A3956D46DE8}") = "Tests", "Tests", "{B6BDD991-0382-4498-A621-64E099030EEC}"
EndProject
Project("{2150E333-8FDC-42A3-9474-1A3956D46DE8}") = ".nuget", ".nuget", "{CB1945E3-70F6-4211-A31C-B333331F1DD0}"
	ProjectSection(SolutionItems) = preProject
		.nuget\packages.config = .nuget\packages.config
	EndProjectSection
EndProject
Global
	GlobalSection(SolutionConfigurationPlatforms) = preSolution
		Debug|Any CPU = Debug|Any CPU
		Release|Any CPU = Release|Any CPU
	EndGlobalSection
	GlobalSection(ProjectConfigurationPlatforms) = postSolution
		{0002DFA4-DAAA-4B78-A720-BC709CBD0B2F}.Debug|Any CPU.ActiveCfg = Debug|Any CPU
		{0002DFA4-DAAA-4B78-A720-BC709CBD0B2F}.Debug|Any CPU.Build.0 = Debug|Any CPU
		{0002DFA4-DAAA-4B78-A720-BC709CBD0B2F}.Release|Any CPU.ActiveCfg = Release|Any CPU
		{0002DFA4-DAAA-4B78-A720-BC709CBD0B2F}.Release|Any CPU.Build.0 = Release|Any CPU
		{7E7EF562-AC6D-4F58-9B79-A93B21CF832C}.Debug|Any CPU.ActiveCfg = Debug|Any CPU
		{7E7EF562-AC6D-4F58-9B79-A93B21CF832C}.Debug|Any CPU.Build.0 = Debug|Any CPU
		{7E7EF562-AC6D-4F58-9B79-A93B21CF832C}.Release|Any CPU.ActiveCfg = Release|Any CPU
		{7E7EF562-AC6D-4F58-9B79-A93B21CF832C}.Release|Any CPU.Build.0 = Release|Any CPU
		{93CC0797-9C83-4229-BFAA-3C6E5190CE36}.Debug|Any CPU.ActiveCfg = Debug|Any CPU
		{93CC0797-9C83-4229-BFAA-3C6E5190CE36}.Debug|Any CPU.Build.0 = Debug|Any CPU
		{93CC0797-9C83-4229-BFAA-3C6E5190CE36}.Release|Any CPU.ActiveCfg = Release|Any CPU
		{93CC0797-9C83-4229-BFAA-3C6E5190CE36}.Release|Any CPU.Build.0 = Release|Any CPU
		{3A90F72F-08C4-4A4A-ABB1-377E3B34314C}.Debug|Any CPU.ActiveCfg = Debug|Any CPU
		{3A90F72F-08C4-4A4A-ABB1-377E3B34314C}.Debug|Any CPU.Build.0 = Debug|Any CPU
		{3A90F72F-08C4-4A4A-ABB1-377E3B34314C}.Release|Any CPU.ActiveCfg = Release|Any CPU
		{3A90F72F-08C4-4A4A-ABB1-377E3B34314C}.Release|Any CPU.Build.0 = Release|Any CPU
		{062691E0-9C27-4119-BAE1-13844C50A96B}.Debug|Any CPU.ActiveCfg = Debug|Any CPU
		{062691E0-9C27-4119-BAE1-13844C50A96B}.Debug|Any CPU.Build.0 = Debug|Any CPU
		{062691E0-9C27-4119-BAE1-13844C50A96B}.Release|Any CPU.ActiveCfg = Release|Any CPU
		{062691E0-9C27-4119-BAE1-13844C50A96B}.Release|Any CPU.Build.0 = Release|Any CPU
		{A848FFE1-D425-4D92-9077-3A9E548DBA64}.Debug|Any CPU.ActiveCfg = Debug|Any CPU
		{A848FFE1-D425-4D92-9077-3A9E548DBA64}.Debug|Any CPU.Build.0 = Debug|Any CPU
		{A848FFE1-D425-4D92-9077-3A9E548DBA64}.Release|Any CPU.ActiveCfg = Release|Any CPU
		{A848FFE1-D425-4D92-9077-3A9E548DBA64}.Release|Any CPU.Build.0 = Release|Any CPU
		{F583E8B5-47FE-4495-931D-F73F78C1207D}.Debug|Any CPU.ActiveCfg = Debug|Any CPU
		{F583E8B5-47FE-4495-931D-F73F78C1207D}.Debug|Any CPU.Build.0 = Debug|Any CPU
		{F583E8B5-47FE-4495-931D-F73F78C1207D}.Release|Any CPU.ActiveCfg = Release|Any CPU
		{F583E8B5-47FE-4495-931D-F73F78C1207D}.Release|Any CPU.Build.0 = Release|Any CPU
	EndGlobalSection
	GlobalSection(SolutionProperties) = preSolution
		HideSolutionNode = FALSE
	EndGlobalSection
	GlobalSection(ExtensibilityGlobals) = postSolution
		SolutionGuid = {72F7F317-ADFF-4E62-9A10-7FC49D2AA291}
	EndGlobalSection
EndGlobal
