
Microsoft Visual Studio Solution File, Format Version 12.00
# Visual Studio 2012
Project("{FAE04EC0-301F-11D3-BF4B-00C04F79EFBC}") = "BlueYonder.Model", "BlueYonder.Model\BlueYonder.Model.csproj", "{ABEDF734-1475-485A-88ED-8175972B42AE}"
EndProject
Project("{FAE04EC0-301F-11D3-BF4B-00C04F79EFBC}") = "BlueYonder.MVC", "BlueYonder.MVC\BlueYonder.MVC.csproj", "{88F280B6-D1AA-4B7E-8EFD-4AC2BACEEBA3}"
EndProject
Project("{2150E333-8FDC-42A3-9474-1A3956D46DE8}") = ".nuget", ".nuget", "{85C03D0A-4881-4137-AE41-2E85140EE1B1}"
	ProjectSection(SolutionItems) = preProject
		.nuget\packages.config = .nuget\packages.config
	EndProjectSection
EndProject
Global
	GlobalSection(SolutionConfigurationPlatforms) = preSolution
		Debug|Any CPU = Debug|Any CPU
		Release|Any CPU = Release|Any CPU
	EndGlobalSection
	GlobalSection(ProjectConfigurationPlatforms) = postSolution
		{ABEDF734-1475-485A-88ED-8175972B42AE}.Debug|Any CPU.ActiveCfg = Debug|Any CPU
		{ABEDF734-1475-485A-88ED-8175972B42AE}.Debug|Any CPU.Build.0 = Debug|Any CPU
		{ABEDF734-1475-485A-88ED-8175972B42AE}.Release|Any CPU.ActiveCfg = Release|Any CPU
		{ABEDF734-1475-485A-88ED-8175972B42AE}.Release|Any CPU.Build.0 = Release|Any CPU
		{88F280B6-D1AA-4B7E-8EFD-4AC2BACEEBA3}.Debug|Any CPU.ActiveCfg = Debug|Any CPU
		{88F280B6-D1AA-4B7E-8EFD-4AC2BACEEBA3}.Debug|Any CPU.Build.0 = Debug|Any CPU
		{88F280B6-D1AA-4B7E-8EFD-4AC2BACEEBA3}.Release|Any CPU.ActiveCfg = Release|Any CPU
		{88F280B6-D1AA-4B7E-8EFD-4AC2BACEEBA3}.Release|Any CPU.Build.0 = Release|Any CPU
	EndGlobalSection
	GlobalSection(SolutionProperties) = preSolution
		HideSolutionNode = FALSE
	EndGlobalSection
EndGlobal

