
Microsoft Visual Studio Solution File, Format Version 12.00
# Visual Studio 14
VisualStudioVersion = 14.0.24720.0
MinimumVisualStudioVersion = 10.0.40219.1
Project("{2150E333-8FDC-42A3-9474-1A3956D46DE8}") = "src", "src", "{B6E6A72C-7756-41F0-8893-3147208515BF}"
EndProject
Project("{2150E333-8FDC-42A3-9474-1A3956D46DE8}") = "Solution Items", "Solution Items", "{21037459-6E11-41C6-AA63-AC98592481D7}"
	ProjectSection(SolutionItems) = preProject
		global.json = global.json
	EndProjectSection
EndProject
Project("{8BB2217D-0F2D-49D1-97BC-3654ED321F3B}") = "Mod03", "src\Mod02\Mod03.xproj", "{9D88227F-148C-4F34-976E-36F877EF411C}"
EndProject
Global
	GlobalSection(SolutionConfigurationPlatforms) = preSolution
		Debug|Any CPU = Debug|Any CPU
		Release|Any CPU = Release|Any CPU
	EndGlobalSection
	GlobalSection(ProjectConfigurationPlatforms) = postSolution
		{9D88227F-148C-4F34-976E-36F877EF411C}.Debug|Any CPU.ActiveCfg = Debug|Any CPU
		{9D88227F-148C-4F34-976E-36F877EF411C}.Debug|Any CPU.Build.0 = Debug|Any CPU
		{9D88227F-148C-4F34-976E-36F877EF411C}.Release|Any CPU.ActiveCfg = Release|Any CPU
		{9D88227F-148C-4F34-976E-36F877EF411C}.Release|Any CPU.Build.0 = Release|Any CPU
	EndGlobalSection
	GlobalSection(SolutionProperties) = preSolution
		HideSolutionNode = FALSE
	EndGlobalSection
	GlobalSection(NestedProjects) = preSolution
		{9D88227F-148C-4F34-976E-36F877EF411C} = {B6E6A72C-7756-41F0-8893-3147208515BF}
	EndGlobalSection
EndGlobal
