
Microsoft Visual Studio Solution File, Format Version 12.00
# Visual Studio 2012
Project("{FAE04EC0-301F-11D3-BF4B-00C04F79EFBC}") = "RequestResponseFlow.Web", "RequestResponseFlow.Web\RequestResponseFlow.Web.csproj", "{DB311840-D9E0-4CDD-989B-C3FB971E4D3D}"
EndProject
Project("{2150E333-8FDC-42A3-9474-1A3956D46DE8}") = ".nuget", ".nuget", "{85C03D0A-4881-4137-AE41-2E85140EE1B1}"
	ProjectSection(SolutionItems) = preProject
		.nuget\packages.config = .nuget\packages.config
	EndProjectSection
EndProject
Global
	GlobalSection(TeamFoundationVersionControl) = preSolution
		SccNumberOfProjects = 2
		SccEnterpriseProvider = {4CA58AB2-18FA-4F8D-95D4-32DDF27D184C}
		SccTeamFoundationServer = https://vstf-us-wa-11.partners.extranet.microsoft.com:8443/tfs/mslearning
		SccLocalPath0 = .
		SccProjectUniqueName1 = RequestResponseFlow.Web\\RequestResponseFlow.Web.csproj
		SccProjectName1 = RequestResponseFlow.Web
		SccLocalPath1 = RequestResponseFlow.Web
	EndGlobalSection
	GlobalSection(SolutionConfigurationPlatforms) = preSolution
		Debug|Any CPU = Debug|Any CPU
		Release|Any CPU = Release|Any CPU
	EndGlobalSection
	GlobalSection(ProjectConfigurationPlatforms) = postSolution
		{DB311840-D9E0-4CDD-989B-C3FB971E4D3D}.Debug|Any CPU.ActiveCfg = Debug|Any CPU
		{DB311840-D9E0-4CDD-989B-C3FB971E4D3D}.Debug|Any CPU.Build.0 = Debug|Any CPU
		{DB311840-D9E0-4CDD-989B-C3FB971E4D3D}.Release|Any CPU.ActiveCfg = Release|Any CPU
		{DB311840-D9E0-4CDD-989B-C3FB971E4D3D}.Release|Any CPU.Build.0 = Release|Any CPU
	EndGlobalSection
	GlobalSection(SolutionProperties) = preSolution
		HideSolutionNode = FALSE
	EndGlobalSection
EndGlobal

