
Microsoft Visual Studio Solution File, Format Version 12.00
# Visual Studio 2012
Project("{FAE04EC0-301F-11D3-BF4B-00C04F79EFBC}") = "DependencyResolver", "DependencyResolver\DependencyResolver.csproj", "{EF18DD69-CEFD-4736-8318-1B4425A09AE0}"
EndProject
Project("{2150E333-8FDC-42A3-9474-1A3956D46DE8}") = ".nuget", ".nuget", "{8D57DA12-1179-49A6-AD08-F9B6B97BE700}"
	ProjectSection(SolutionItems) = preProject
		.nuget\NuGet.Config = .nuget\NuGet.Config
		.nuget\NuGet.exe = .nuget\NuGet.exe
		.nuget\NuGet.targets = .nuget\NuGet.targets
	EndProjectSection
EndProject
Global
	GlobalSection(TeamFoundationVersionControl) = preSolution
		SccNumberOfProjects = 2
		SccEnterpriseProvider = {4CA58AB2-18FA-4F8D-95D4-32DDF27D184C}
		SccTeamFoundationServer = https://vstf-us-wa-11.partners.extranet.microsoft.com:8443/tfs/mslearning
		SccLocalPath0 = .
		SccProjectUniqueName1 = DependencyResolver\\DependencyResolver.csproj
		SccProjectName1 = DependencyResolver
		SccLocalPath1 = DependencyResolver
	EndGlobalSection
	GlobalSection(SolutionConfigurationPlatforms) = preSolution
		Debug|Any CPU = Debug|Any CPU
		Release|Any CPU = Release|Any CPU
	EndGlobalSection
	GlobalSection(ProjectConfigurationPlatforms) = postSolution
		{EF18DD69-CEFD-4736-8318-1B4425A09AE0}.Debug|Any CPU.ActiveCfg = Debug|Any CPU
		{EF18DD69-CEFD-4736-8318-1B4425A09AE0}.Debug|Any CPU.Build.0 = Debug|Any CPU
		{EF18DD69-CEFD-4736-8318-1B4425A09AE0}.Release|Any CPU.ActiveCfg = Release|Any CPU
		{EF18DD69-CEFD-4736-8318-1B4425A09AE0}.Release|Any CPU.Build.0 = Release|Any CPU
	EndGlobalSection
	GlobalSection(SolutionProperties) = preSolution
		HideSolutionNode = FALSE
	EndGlobalSection
EndGlobal
