
Microsoft Visual Studio Solution File, Format Version 12.00
# Visual Studio 15
VisualStudioVersion = 15.0.27428.2005
MinimumVisualStudioVersion = 10.0.40219.1
Project("{FAE04EC0-301F-11D3-BF4B-00C04F79EFBC}") = "BlueYonder.Companion.Client", "BlueYonder.Companion.Client\BlueYonder.Companion.Client.csproj", "{A280B9A3-44E2-4E9F-8E69-2F602BA8ECA6}"
EndProject
Project("{FAE04EC0-301F-11D3-BF4B-00C04F79EFBC}") = "BlueYonder.Companion.Tasks", "BlueYonder.Companion.Tasks\BlueYonder.Companion.Tasks.csproj", "{8A5C46E5-2639-4912-81F1-01DFAC8D3B57}"
EndProject
Project("{FAE04EC0-301F-11D3-BF4B-00C04F79EFBC}") = "BlueYonder.Companion.Shared", "BlueYonder.Companion.Shared\BlueYonder.Companion.Shared.csproj", "{D85CB1DA-BC3F-4D85-A2CB-F779890E4797}"
EndProject
Global
	GlobalSection(SolutionConfigurationPlatforms) = preSolution
		Debug|Any CPU = Debug|Any CPU
		Debug|ARM = Debug|ARM
		Debug|x64 = Debug|x64
		Debug|x86 = Debug|x86
		Release|Any CPU = Release|Any CPU
		Release|ARM = Release|ARM
		Release|x64 = Release|x64
		Release|x86 = Release|x86
	EndGlobalSection
	GlobalSection(ProjectConfigurationPlatforms) = postSolution
		{A280B9A3-44E2-4E9F-8E69-2F602BA8ECA6}.Debug|Any CPU.ActiveCfg = Debug|x86
		{A280B9A3-44E2-4E9F-8E69-2F602BA8ECA6}.Debug|Any CPU.Build.0 = Debug|x86
		{A280B9A3-44E2-4E9F-8E69-2F602BA8ECA6}.Debug|Any CPU.Deploy.0 = Debug|x86
		{A280B9A3-44E2-4E9F-8E69-2F602BA8ECA6}.Debug|ARM.ActiveCfg = Debug|ARM
		{A280B9A3-44E2-4E9F-8E69-2F602BA8ECA6}.Debug|ARM.Build.0 = Debug|ARM
		{A280B9A3-44E2-4E9F-8E69-2F602BA8ECA6}.Debug|ARM.Deploy.0 = Debug|ARM
		{A280B9A3-44E2-4E9F-8E69-2F602BA8ECA6}.Debug|x64.ActiveCfg = Debug|x64
		{A280B9A3-44E2-4E9F-8E69-2F602BA8ECA6}.Debug|x64.Build.0 = Debug|x64
		{A280B9A3-44E2-4E9F-8E69-2F602BA8ECA6}.Debug|x64.Deploy.0 = Debug|x64
		{A280B9A3-44E2-4E9F-8E69-2F602BA8ECA6}.Debug|x86.ActiveCfg = Debug|x86
		{A280B9A3-44E2-4E9F-8E69-2F602BA8ECA6}.Debug|x86.Build.0 = Debug|x86
		{A280B9A3-44E2-4E9F-8E69-2F602BA8ECA6}.Debug|x86.Deploy.0 = Debug|x86
		{A280B9A3-44E2-4E9F-8E69-2F602BA8ECA6}.Release|Any CPU.ActiveCfg = Release|x86
		{A280B9A3-44E2-4E9F-8E69-2F602BA8ECA6}.Release|ARM.ActiveCfg = Release|ARM
		{A280B9A3-44E2-4E9F-8E69-2F602BA8ECA6}.Release|ARM.Build.0 = Release|ARM
		{A280B9A3-44E2-4E9F-8E69-2F602BA8ECA6}.Release|ARM.Deploy.0 = Release|ARM
		{A280B9A3-44E2-4E9F-8E69-2F602BA8ECA6}.Release|x64.ActiveCfg = Release|x64
		{A280B9A3-44E2-4E9F-8E69-2F602BA8ECA6}.Release|x64.Build.0 = Release|x64
		{A280B9A3-44E2-4E9F-8E69-2F602BA8ECA6}.Release|x64.Deploy.0 = Release|x64
		{A280B9A3-44E2-4E9F-8E69-2F602BA8ECA6}.Release|x86.ActiveCfg = Release|x86
		{A280B9A3-44E2-4E9F-8E69-2F602BA8ECA6}.Release|x86.Build.0 = Release|x86
		{A280B9A3-44E2-4E9F-8E69-2F602BA8ECA6}.Release|x86.Deploy.0 = Release|x86
		{8A5C46E5-2639-4912-81F1-01DFAC8D3B57}.Debug|Any CPU.ActiveCfg = Debug|Any CPU
		{8A5C46E5-2639-4912-81F1-01DFAC8D3B57}.Debug|Any CPU.Build.0 = Debug|Any CPU
		{8A5C46E5-2639-4912-81F1-01DFAC8D3B57}.Debug|ARM.ActiveCfg = Debug|ARM
		{8A5C46E5-2639-4912-81F1-01DFAC8D3B57}.Debug|ARM.Build.0 = Debug|ARM
		{8A5C46E5-2639-4912-81F1-01DFAC8D3B57}.Debug|x64.ActiveCfg = Debug|x64
		{8A5C46E5-2639-4912-81F1-01DFAC8D3B57}.Debug|x64.Build.0 = Debug|x64
		{8A5C46E5-2639-4912-81F1-01DFAC8D3B57}.Debug|x86.ActiveCfg = Debug|x86
		{8A5C46E5-2639-4912-81F1-01DFAC8D3B57}.Debug|x86.Build.0 = Debug|x86
		{8A5C46E5-2639-4912-81F1-01DFAC8D3B57}.Release|Any CPU.ActiveCfg = Release|Any CPU
		{8A5C46E5-2639-4912-81F1-01DFAC8D3B57}.Release|Any CPU.Build.0 = Release|Any CPU
		{8A5C46E5-2639-4912-81F1-01DFAC8D3B57}.Release|ARM.ActiveCfg = Release|ARM
		{8A5C46E5-2639-4912-81F1-01DFAC8D3B57}.Release|ARM.Build.0 = Release|ARM
		{8A5C46E5-2639-4912-81F1-01DFAC8D3B57}.Release|x64.ActiveCfg = Release|x64
		{8A5C46E5-2639-4912-81F1-01DFAC8D3B57}.Release|x64.Build.0 = Release|x64
		{8A5C46E5-2639-4912-81F1-01DFAC8D3B57}.Release|x86.ActiveCfg = Release|x86
		{8A5C46E5-2639-4912-81F1-01DFAC8D3B57}.Release|x86.Build.0 = Release|x86
		{D85CB1DA-BC3F-4D85-A2CB-F779890E4797}.Debug|Any CPU.ActiveCfg = Debug|Any CPU
		{D85CB1DA-BC3F-4D85-A2CB-F779890E4797}.Debug|Any CPU.Build.0 = Debug|Any CPU
		{D85CB1DA-BC3F-4D85-A2CB-F779890E4797}.Debug|ARM.ActiveCfg = Debug|ARM
		{D85CB1DA-BC3F-4D85-A2CB-F779890E4797}.Debug|ARM.Build.0 = Debug|ARM
		{D85CB1DA-BC3F-4D85-A2CB-F779890E4797}.Debug|x64.ActiveCfg = Debug|x64
		{D85CB1DA-BC3F-4D85-A2CB-F779890E4797}.Debug|x64.Build.0 = Debug|x64
		{D85CB1DA-BC3F-4D85-A2CB-F779890E4797}.Debug|x86.ActiveCfg = Debug|x86
		{D85CB1DA-BC3F-4D85-A2CB-F779890E4797}.Debug|x86.Build.0 = Debug|x86
		{D85CB1DA-BC3F-4D85-A2CB-F779890E4797}.Release|Any CPU.ActiveCfg = Release|Any CPU
		{D85CB1DA-BC3F-4D85-A2CB-F779890E4797}.Release|Any CPU.Build.0 = Release|Any CPU
		{D85CB1DA-BC3F-4D85-A2CB-F779890E4797}.Release|ARM.ActiveCfg = Release|ARM
		{D85CB1DA-BC3F-4D85-A2CB-F779890E4797}.Release|ARM.Build.0 = Release|ARM
		{D85CB1DA-BC3F-4D85-A2CB-F779890E4797}.Release|x64.ActiveCfg = Release|x64
		{D85CB1DA-BC3F-4D85-A2CB-F779890E4797}.Release|x64.Build.0 = Release|x64
		{D85CB1DA-BC3F-4D85-A2CB-F779890E4797}.Release|x86.ActiveCfg = Release|x86
		{D85CB1DA-BC3F-4D85-A2CB-F779890E4797}.Release|x86.Build.0 = Release|x86
	EndGlobalSection
	GlobalSection(SolutionProperties) = preSolution
		HideSolutionNode = FALSE
	EndGlobalSection
	GlobalSection(ExtensibilityGlobals) = postSolution
		SolutionGuid = {E26F1AB7-4F4B-4BAD-937B-99372DE5839D}
	EndGlobalSection
EndGlobal
